
Microsoft Visual Studio Solution File, Format Version 12.00
# Visual Studio Version 17
VisualStudioVersion = 17.0.31919.166
MinimumVisualStudioVersion = 10.0.40219.1
Project("{9A19103F-16F7-4668-BE54-9A1E7A4F7556}") = "CandyStore", "CandyStore\CandyStore.csproj", "{7D52BE1D-99C1-4E7D-AC06-87A88344781A}"
EndProject
Project("{9A19103F-16F7-4668-BE54-9A1E7A4F7556}") = "CandyStoreManagement", "CandyStoreManagement\CandyStoreManagement.csproj", "{DA8C5746-851A-4A6D-B842-6EB9BA00C5E0}"
EndProject
Project("{9A19103F-16F7-4668-BE54-9A1E7A4F7556}") = "CandyStoreManagementAPI", "CandyStoreManagementAPI\CandyStoreManagementAPI.csproj", "{63624BCA-8910-48AD-AC0D-6F1CB6872632}"
EndProject
Project("{9A19103F-16F7-4668-BE54-9A1E7A4F7556}") = "CandyStore.Data", "CandyStore.Data\CandyStore.Data.csproj", "{A8A990A9-CC58-47A9-8938-A0788148D27D}"
EndProject
Project("{FAE04EC0-301F-11D3-BF4B-00C04F79EFBC}") = "CandyListAPI", "CandyListAPI\CandyListAPI.csproj", "{6DFB8373-5A7B-4715-AE1C-CA7FE83AC922}"
EndProject
Global
	GlobalSection(SolutionConfigurationPlatforms) = preSolution
		Debug|Any CPU = Debug|Any CPU
		Release|Any CPU = Release|Any CPU
	EndGlobalSection
	GlobalSection(ProjectConfigurationPlatforms) = postSolution
		{7D52BE1D-99C1-4E7D-AC06-87A88344781A}.Debug|Any CPU.ActiveCfg = Debug|Any CPU
		{7D52BE1D-99C1-4E7D-AC06-87A88344781A}.Debug|Any CPU.Build.0 = Debug|Any CPU
		{7D52BE1D-99C1-4E7D-AC06-87A88344781A}.Release|Any CPU.ActiveCfg = Release|Any CPU
		{7D52BE1D-99C1-4E7D-AC06-87A88344781A}.Release|Any CPU.Build.0 = Release|Any CPU
		{DA8C5746-851A-4A6D-B842-6EB9BA00C5E0}.Debug|Any CPU.ActiveCfg = Debug|Any CPU
		{DA8C5746-851A-4A6D-B842-6EB9BA00C5E0}.Debug|Any CPU.Build.0 = Debug|Any CPU
		{DA8C5746-851A-4A6D-B842-6EB9BA00C5E0}.Release|Any CPU.ActiveCfg = Release|Any CPU
		{DA8C5746-851A-4A6D-B842-6EB9BA00C5E0}.Release|Any CPU.Build.0 = Release|Any CPU
		{63624BCA-8910-48AD-AC0D-6F1CB6872632}.Debug|Any CPU.ActiveCfg = Debug|Any CPU
		{63624BCA-8910-48AD-AC0D-6F1CB6872632}.Debug|Any CPU.Build.0 = Debug|Any CPU
		{63624BCA-8910-48AD-AC0D-6F1CB6872632}.Release|Any CPU.ActiveCfg = Release|Any CPU
		{63624BCA-8910-48AD-AC0D-6F1CB6872632}.Release|Any CPU.Build.0 = Release|Any CPU
		{A8A990A9-CC58-47A9-8938-A0788148D27D}.Debug|Any CPU.ActiveCfg = Debug|Any CPU
		{A8A990A9-CC58-47A9-8938-A0788148D27D}.Debug|Any CPU.Build.0 = Debug|Any CPU
		{A8A990A9-CC58-47A9-8938-A0788148D27D}.Release|Any CPU.ActiveCfg = Release|Any CPU
		{A8A990A9-CC58-47A9-8938-A0788148D27D}.Release|Any CPU.Build.0 = Release|Any CPU
		{6DFB8373-5A7B-4715-AE1C-CA7FE83AC922}.Debug|Any CPU.ActiveCfg = Debug|Any CPU
		{6DFB8373-5A7B-4715-AE1C-CA7FE83AC922}.Debug|Any CPU.Build.0 = Debug|Any CPU
		{6DFB8373-5A7B-4715-AE1C-CA7FE83AC922}.Release|Any CPU.ActiveCfg = Release|Any CPU
		{6DFB8373-5A7B-4715-AE1C-CA7FE83AC922}.Release|Any CPU.Build.0 = Release|Any CPU
	EndGlobalSection
	GlobalSection(SolutionProperties) = preSolution
		HideSolutionNode = FALSE
	EndGlobalSection
	GlobalSection(ExtensibilityGlobals) = postSolution
		SolutionGuid = {2F54E8AB-6BE7-45EE-917B-EEA56F71605D}
	EndGlobalSection
EndGlobal
